
Microsoft Visual Studio Solution File, Format Version 12.00
# Visual Studio Version 16
VisualStudioVersion = 16.0.31702.278
MinimumVisualStudioVersion = 10.0.40219.1
Project("{FAE04EC0-301F-11D3-BF4B-00C04F79EFBC}") = "WebsiteStatus", "WebsiteStatus.csproj", "{713B06FD-E98C-44C4-8B08-F268CCE7903F}"
EndProject
Global
	GlobalSection(SolutionConfigurationPlatforms) = preSolution
		Debug|Any CPU = Debug|Any CPU
		Release|Any CPU = Release|Any CPU
	EndGlobalSection
	GlobalSection(ProjectConfigurationPlatforms) = postSolution
		{713B06FD-E98C-44C4-8B08-F268CCE7903F}.Debug|Any CPU.ActiveCfg = Debug|Any CPU
		{713B06FD-E98C-44C4-8B08-F268CCE7903F}.Debug|Any CPU.Build.0 = Debug|Any CPU
		{713B06FD-E98C-44C4-8B08-F268CCE7903F}.Release|Any CPU.ActiveCfg = Release|Any CPU
		{713B06FD-E98C-44C4-8B08-F268CCE7903F}.Release|Any CPU.Build.0 = Release|Any CPU
	EndGlobalSection
	GlobalSection(SolutionProperties) = preSolution
		HideSolutionNode = FALSE
	EndGlobalSection
	GlobalSection(ExtensibilityGlobals) = postSolution
		SolutionGuid = {9F7EF6F7-5DCC-4841-8C1A-47A7A88A2752}
	EndGlobalSection
EndGlobal
